{
  "lockfileVersion": 2,
  "configVersion": 1,
  "workspaces": {
    "": {
      "name": "openbridger-docs",
      "dependencies": {
        "marked": "^18.0.5",
      },
    },
  },
  "packages": {
    "marked": ["marked@18.0.12", "", { "bin": { "marked": "bin/marked.js" } }, "sha512-LEm4ga2YeI2T3GVHj9b0BaDPPk93LLTHMFeMyQbNIzPxc8vCI0y/scy0ZA6z6lXKyT9j9Nhl/OC6ZYKYGuFScA=="],
  }
}
